
Microsoft Visual Studio Solution File, Format Version 12.00
# Visual Studio Version 17
VisualStudioVersion = 17.5.33414.496
MinimumVisualStudioVersion = 10.0.40219.1
Project("{888888A0-9F3D-457C-B088-3A5042F75D52}") = "Application", "..\Application\Application.pyproj", "{7544D616-6ED5-4514-A2E2-8E03316F48F8}"
EndProject
Project("{888888A0-9F3D-457C-B088-3A5042F75D52}") = "Interfaces", "..\Interfaces\Interfaces.pyproj", "{85B748E5-16F7-4DFB-A3B7-18133A671B38}"
EndProject
Project("{888888A0-9F3D-457C-B088-3A5042F75D52}") = "Infrastructure", "..\Infrastructure\Infrastructure.pyproj", "{92C3C9FA-E6B6-4A15-B6D6-767DAF046274}"
EndProject
Project("{888888A0-9F3D-457C-B088-3A5042F75D52}") = "Domain", "..\Domain\Domain.pyproj", "{32B97D97-424E-4CA8-8FFD-87649101CC02}"
EndProject
Project("{888888A0-9F3D-457C-B088-3A5042F75D52}") = "Definitions", "..\Definitions\Definitions.pyproj", "{AEAE0F71-3F25-4E79-8669-309330E1B6E1}"
EndProject
Project("{888888A0-9F3D-457C-B088-3A5042F75D52}") = "Host", "..\Host\Host.pyproj", "{5DD152A2-22A2-40E9-A1EA-E891827ED2AB}"
EndProject
Global
	GlobalSection(SolutionConfigurationPlatforms) = preSolution
		Debug|Any CPU = Debug|Any CPU
		Release|Any CPU = Release|Any CPU
	EndGlobalSection
	GlobalSection(ProjectConfigurationPlatforms) = postSolution
		{7544D616-6ED5-4514-A2E2-8E03316F48F8}.Debug|Any CPU.ActiveCfg = Debug|Any CPU
		{7544D616-6ED5-4514-A2E2-8E03316F48F8}.Release|Any CPU.ActiveCfg = Release|Any CPU
		{85B748E5-16F7-4DFB-A3B7-18133A671B38}.Debug|Any CPU.ActiveCfg = Debug|Any CPU
		{85B748E5-16F7-4DFB-A3B7-18133A671B38}.Release|Any CPU.ActiveCfg = Release|Any CPU
		{92C3C9FA-E6B6-4A15-B6D6-767DAF046274}.Debug|Any CPU.ActiveCfg = Debug|Any CPU
		{92C3C9FA-E6B6-4A15-B6D6-767DAF046274}.Release|Any CPU.ActiveCfg = Release|Any CPU
		{32B97D97-424E-4CA8-8FFD-87649101CC02}.Debug|Any CPU.ActiveCfg = Debug|Any CPU
		{32B97D97-424E-4CA8-8FFD-87649101CC02}.Release|Any CPU.ActiveCfg = Release|Any CPU
		{AEAE0F71-3F25-4E79-8669-309330E1B6E1}.Debug|Any CPU.ActiveCfg = Debug|Any CPU
		{AEAE0F71-3F25-4E79-8669-309330E1B6E1}.Release|Any CPU.ActiveCfg = Release|Any CPU
		{5DD152A2-22A2-40E9-A1EA-E891827ED2AB}.Debug|Any CPU.ActiveCfg = Debug|Any CPU
		{5DD152A2-22A2-40E9-A1EA-E891827ED2AB}.Release|Any CPU.ActiveCfg = Release|Any CPU
	EndGlobalSection
	GlobalSection(SolutionProperties) = preSolution
		HideSolutionNode = FALSE
	EndGlobalSection
	GlobalSection(ExtensibilityGlobals) = postSolution
		SolutionGuid = {BE5B9943-E619-469A-9EF3-133362FA7169}
	EndGlobalSection
EndGlobal
